
Microsoft Visual Studio Solution File, Format Version 12.00
# Visual Studio Version 17
VisualStudioVersion = 17.7.34031.279
MinimumVisualStudioVersion = 10.0.40219.1
Project("{FAE04EC0-301F-11D3-BF4B-00C04F79EFBC}") = "WebApiOct06-10-2023", "WebApiOct06-10-2023\WebApiOct06-10-2023.csproj", "{63B98D99-C48D-44FB-8641-A4EA01511EF6}"
EndProject
Global
	GlobalSection(SolutionConfigurationPlatforms) = preSolution
		Debug|Any CPU = Debug|Any CPU
		Release|Any CPU = Release|Any CPU
	EndGlobalSection
	GlobalSection(ProjectConfigurationPlatforms) = postSolution
		{63B98D99-C48D-44FB-8641-A4EA01511EF6}.Debug|Any CPU.ActiveCfg = Debug|Any CPU
		{63B98D99-C48D-44FB-8641-A4EA01511EF6}.Debug|Any CPU.Build.0 = Debug|Any CPU
		{63B98D99-C48D-44FB-8641-A4EA01511EF6}.Release|Any CPU.ActiveCfg = Release|Any CPU
		{63B98D99-C48D-44FB-8641-A4EA01511EF6}.Release|Any CPU.Build.0 = Release|Any CPU
	EndGlobalSection
	GlobalSection(SolutionProperties) = preSolution
		HideSolutionNode = FALSE
	EndGlobalSection
	GlobalSection(ExtensibilityGlobals) = postSolution
		SolutionGuid = {DBC2566F-8E53-44D1-8263-D339E046535F}
	EndGlobalSection
EndGlobal
